
Microsoft Visual Studio Solution File, Format Version 12.00
# Visual Studio Version 16
VisualStudioVersion = 16.0.30413.136
MinimumVisualStudioVersion = 10.0.40219.1
Project("{FAE04EC0-301F-11D3-BF4B-00C04F79EFBC}") = "RazorPagesMovie", "RazorPagesMovie.csproj", "{0E1E1EFF-6BCD-4688-B0C4-3FB64298618B}"
EndProject
Global
	GlobalSection(SolutionConfigurationPlatforms) = preSolution
		Debug|Any CPU = Debug|Any CPU
		Release|Any CPU = Release|Any CPU
	EndGlobalSection
	GlobalSection(ProjectConfigurationPlatforms) = postSolution
		{0E1E1EFF-6BCD-4688-B0C4-3FB64298618B}.Debug|Any CPU.ActiveCfg = Debug|Any CPU
		{0E1E1EFF-6BCD-4688-B0C4-3FB64298618B}.Debug|Any CPU.Build.0 = Debug|Any CPU
		{0E1E1EFF-6BCD-4688-B0C4-3FB64298618B}.Release|Any CPU.ActiveCfg = Release|Any CPU
		{0E1E1EFF-6BCD-4688-B0C4-3FB64298618B}.Release|Any CPU.Build.0 = Release|Any CPU
	EndGlobalSection
	GlobalSection(SolutionProperties) = preSolution
		HideSolutionNode = FALSE
	EndGlobalSection
	GlobalSection(ExtensibilityGlobals) = postSolution
		SolutionGuid = {24089E98-EE1D-43B3-AC0F-5D07F3BB4E42}
	EndGlobalSection
EndGlobal
